
Microsoft Visual Studio Solution File, Format Version 12.00
# Visual Studio 15
VisualStudioVersion = 15.0.27703.2000
MinimumVisualStudioVersion = 10.0.40219.1
Project("{FAE04EC0-301F-11D3-BF4B-00C04F79EFBC}") = "UDLA.CheckIn.WebApi", "UDLA.CheckIn.WebApi\UDLA.CheckIn.WebApi.csproj", "{F71FF2A9-EE2F-4D81-A8A0-A879ED180113}"
EndProject
Project("{FAE04EC0-301F-11D3-BF4B-00C04F79EFBC}") = "UDLA.Checkin.Repository", "UDLA.Checkin.Repository\UDLA.Checkin.Repository.csproj", "{A2690C05-80F5-4F8A-BC63-4CB90F0740EF}"
EndProject
Project("{FAE04EC0-301F-11D3-BF4B-00C04F79EFBC}") = "UDLA.CheckIn.Data", "UDLA.CheckIn.Data\UDLA.CheckIn.Data.csproj", "{FEF6110F-FEF5-4A32-9C7D-EDF6AE4F4D43}"
EndProject
Global
	GlobalSection(SolutionConfigurationPlatforms) = preSolution
		Debug|Any CPU = Debug|Any CPU
		Release|Any CPU = Release|Any CPU
	EndGlobalSection
	GlobalSection(ProjectConfigurationPlatforms) = postSolution
		{F71FF2A9-EE2F-4D81-A8A0-A879ED180113}.Debug|Any CPU.ActiveCfg = Debug|Any CPU
		{F71FF2A9-EE2F-4D81-A8A0-A879ED180113}.Debug|Any CPU.Build.0 = Debug|Any CPU
		{F71FF2A9-EE2F-4D81-A8A0-A879ED180113}.Release|Any CPU.ActiveCfg = Release|Any CPU
		{F71FF2A9-EE2F-4D81-A8A0-A879ED180113}.Release|Any CPU.Build.0 = Release|Any CPU
		{A2690C05-80F5-4F8A-BC63-4CB90F0740EF}.Debug|Any CPU.ActiveCfg = Debug|Any CPU
		{A2690C05-80F5-4F8A-BC63-4CB90F0740EF}.Debug|Any CPU.Build.0 = Debug|Any CPU
		{A2690C05-80F5-4F8A-BC63-4CB90F0740EF}.Release|Any CPU.ActiveCfg = Release|Any CPU
		{A2690C05-80F5-4F8A-BC63-4CB90F0740EF}.Release|Any CPU.Build.0 = Release|Any CPU
		{FEF6110F-FEF5-4A32-9C7D-EDF6AE4F4D43}.Debug|Any CPU.ActiveCfg = Debug|Any CPU
		{FEF6110F-FEF5-4A32-9C7D-EDF6AE4F4D43}.Debug|Any CPU.Build.0 = Debug|Any CPU
		{FEF6110F-FEF5-4A32-9C7D-EDF6AE4F4D43}.Release|Any CPU.ActiveCfg = Release|Any CPU
		{FEF6110F-FEF5-4A32-9C7D-EDF6AE4F4D43}.Release|Any CPU.Build.0 = Release|Any CPU
	EndGlobalSection
	GlobalSection(SolutionProperties) = preSolution
		HideSolutionNode = FALSE
	EndGlobalSection
	GlobalSection(ExtensibilityGlobals) = postSolution
		SolutionGuid = {11F663A1-9E76-48DA-8845-B0C1C1D0E93D}
	EndGlobalSection
EndGlobal
